// !$*UTF8*$!
{
	archiveVersion = 1;
	classes = {
	};
	objectVersion = 46;
	objects = {

/* Begin PBXBuildFile section */
		424F3C7819A91C03003F1B11 /* Foundation.framework in Frameworks */ = {isa = PBXBuildFile; fileRef = 424F3C7719A91C03003F1B11 /* Foundation.framework */; };
		424F3C7A19A91C03003F1B11 /* CoreGraphics.framework in Frameworks */ = {isa = PBXBuildFile; fileRef = 424F3C7919A91C03003F1B11 /* CoreGraphics.framework */; };
		424F3C7C19A91C03003F1B11 /* UIKit.framework in Frameworks */ = {isa = PBXBuildFile; fileRef = 424F3C7B19A91C03003F1B11 /* UIKit.framework */; };
		424F3C7E19A91C03003F1B11 /* CoreData.framework in Frameworks */ = {isa = PBXBuildFile; fileRef = 424F3C7D19A91C03003F1B11 /* CoreData.framework */; };
		424F3C8419A91C03003F1B11 /* InfoPlist.strings in Resources */ = {isa = PBXBuildFile; fileRef = 424F3C8219A91C03003F1B11 /* InfoPlist.strings */; };
		424F3C8619A91C03003F1B11 /* main.m in Sources */ = {isa = PBXBuildFile; fileRef = 424F3C8519A91C03003F1B11 /* main.m */; };
		424F3C8A19A91C03003F1B11 /* AppDelegate.m in Sources */ = {isa = PBXBuildFile; fileRef = 424F3C8919A91C03003F1B11 /* AppDelegate.m */; };
		424F3C8D19A91C03003F1B11 /* Main_iPhone.storyboard in Resources */ = {isa = PBXBuildFile; fileRef = 424F3C8B19A91C03003F1B11 /* Main_iPhone.storyboard */; };
		424F3C9019A91C03003F1B11 /* Main_iPad.storyboard in Resources */ = {isa = PBXBuildFile; fileRef = 424F3C8E19A91C03003F1B11 /* Main_iPad.storyboard */; };
		424F3C9319A91C03003F1B11 /* TestAppOne.xcdatamodeld in Sources */ = {isa = PBXBuildFile; fileRef = 424F3C9119A91C03003F1B11 /* TestAppOne.xcdatamodeld */; };
		424F3C9619A91C03003F1B11 /* MasterViewController.m in Sources */ = {isa = PBXBuildFile; fileRef = 424F3C9519A91C03003F1B11 /* MasterViewController.m */; };
		424F3C9919A91C03003F1B11 /* DetailViewController.m in Sources */ = {isa = PBXBuildFile; fileRef = 424F3C9819A91C03003F1B11 /* DetailViewController.m */; };
		424F3C9B19A91C03003F1B11 /* Images.xcassets in Resources */ = {isa = PBXBuildFile; fileRef = 424F3C9A19A91C03003F1B11 /* Images.xcassets */; };
		424F3CA219A91C03003F1B11 /* XCTest.framework in Frameworks */ = {isa = PBXBuildFile; fileRef = 424F3CA119A91C03003F1B11 /* XCTest.framework */; };
		424F3CA319A91C03003F1B11 /* Foundation.framework in Frameworks */ = {isa = PBXBuildFile; fileRef = 424F3C7719A91C03003F1B11 /* Foundation.framework */; };
		424F3CA419A91C03003F1B11 /* UIKit.framework in Frameworks */ = {isa = PBXBuildFile; fileRef = 424F3C7B19A91C03003F1B11 /* UIKit.framework */; };
		424F3CA519A91C03003F1B11 /* CoreData.framework in Frameworks */ = {isa = PBXBuildFile; fileRef = 424F3C7D19A91C03003F1B11 /* CoreData.framework */; };
		424F3CAD19A91C03003F1B11 /* InfoPlist.strings in Resources */ = {isa = PBXBuildFile; fileRef = 424F3CAB19A91C03003F1B11 /* InfoPlist.strings */; };
		424F3CAF19A91C03003F1B11 /* TestAppOneTests.m in Sources */ = {isa = PBXBuildFile; fileRef = 424F3CAE19A91C03003F1B11 /* TestAppOneTests.m */; };
/* End PBXBuildFile section */

/* Begin PBXContainerItemProxy section */
		424F3CA619A91C03003F1B11 /* PBXContainerItemProxy */ = {
			isa = PBXContainerItemProxy;
			containerPortal = 424F3C6C19A91C03003F1B11 /* Project object */;
			proxyType = 1;
			remoteGlobalIDString = 424F3C7319A91C03003F1B11;
			remoteInfo = TestAppOne;
		};
/* End PBXContainerItemProxy section */

/* Begin PBXFileReference section */
		424F3C7419A91C03003F1B11 /* TestAppOne.app */ = {isa = PBXFileReference; explicitFileType = wrapper.application; includeInIndex = 0; path = TestAppOne.app; sourceTree = BUILT_PRODUCTS_DIR; };
		424F3C7719A91C03003F1B11 /* Foundation.framework */ = {isa = PBXFileReference; lastKnownFileType = wrapper.framework; name = Foundation.framework; path = System/Library/Frameworks/Foundation.framework; sourceTree = SDKROOT; };
		424F3C7919A91C03003F1B11 /* CoreGraphics.framework */ = {isa = PBXFileReference; lastKnownFileType = wrapper.framework; name = CoreGraphics.framework; path = System/Library/Frameworks/CoreGraphics.framework; sourceTree = SDKROOT; };
		424F3C7B19A91C03003F1B11 /* UIKit.framework */ = {isa = PBXFileReference; lastKnownFileType = wrapper.framework; name = UIKit.framework; path = System/Library/Frameworks/UIKit.framework; sourceTree = SDKROOT; };
		424F3C7D19A91C03003F1B11 /* CoreData.framework */ = {isa = PBXFileReference; lastKnownFileType = wrapper.framework; name = CoreData.framework; path = System/Library/Frameworks/CoreData.framework; sourceTree = SDKROOT; };
		424F3C8119A91C03003F1B11 /* TestAppOne-Info.plist */ = {isa = PBXFileReference; lastKnownFileType = text.plist.xml; path = "TestAppOne-Info.plist"; sourceTree = "<group>"; };
		424F3C8319A91C03003F1B11 /* en */ = {isa = PBXFileReference; lastKnownFileType = text.plist.strings; name = en; path = en.lproj/InfoPlist.strings; sourceTree = "<group>"; };
		424F3C8519A91C03003F1B11 /* main.m */ = {isa = PBXFileReference; lastKnownFileType = sourcecode.c.objc; path = main.m; sourceTree = "<group>"; };
		424F3C8719A91C03003F1B11 /* TestAppOne-Prefix.pch */ = {isa = PBXFileReference; lastKnownFileType = sourcecode.c.h; path = "TestAppOne-Prefix.pch"; sourceTree = "<group>"; };
		424F3C8819A91C03003F1B11 /* AppDelegate.h */ = {isa = PBXFileReference; lastKnownFileType = sourcecode.c.h; path = AppDelegate.h; sourceTree = "<group>"; };
		424F3C8919A91C03003F1B11 /* AppDelegate.m */ = {isa = PBXFileReference; lastKnownFileType = sourcecode.c.objc; path = AppDelegate.m; sourceTree = "<group>"; };
		424F3C8C19A91C03003F1B11 /* Base */ = {isa = PBXFileReference; lastKnownFileType = file.storyboard; name = Base; path = Base.lproj/Main_iPhone.storyboard; sourceTree = "<group>"; };
		424F3C8F19A91C03003F1B11 /* Base */ = {isa = PBXFileReference; lastKnownFileType = file.storyboard; name = Base; path = Base.lproj/Main_iPad.storyboard; sourceTree = "<group>"; };
		424F3C9219A91C03003F1B11 /* TestAppOne.xcdatamodel */ = {isa = PBXFileReference; lastKnownFileType = wrapper.xcdatamodel; path = TestAppOne.xcdatamodel; sourceTree = "<group>"; };
		424F3C9419A91C03003F1B11 /* MasterViewController.h */ = {isa = PBXFileReference; lastKnownFileType = sourcecode.c.h; path = MasterViewController.h; sourceTree = "<group>"; };
		424F3C9519A91C03003F1B11 /* MasterViewController.m */ = {isa = PBXFileReference; lastKnownFileType = sourcecode.c.objc; path = MasterViewController.m; sourceTree = "<group>"; };
		424F3C9719A91C03003F1B11 /* DetailViewController.h */ = {isa = PBXFileReference; lastKnownFileType = sourcecode.c.h; path = DetailViewController.h; sourceTree = "<group>"; };
		424F3C9819A91C03003F1B11 /* DetailViewController.m */ = {isa = PBXFileReference; lastKnownFileType = sourcecode.c.objc; path = DetailViewController.m; sourceTree = "<group>"; };
		424F3C9A19A91C03003F1B11 /* Images.xcassets */ = {isa = PBXFileReference; lastKnownFileType = folder.assetcatalog; path = Images.xcassets; sourceTree = "<group>"; };
		424F3CA019A91C03003F1B11 /* TestAppOneTests.xctest */ = {isa = PBXFileReference; explicitFileType = wrapper.cfbundle; includeInIndex = 0; path = TestAppOneTests.xctest; sourceTree = BUILT_PRODUCTS_DIR; };
		424F3CA119A91C03003F1B11 /* XCTest.framework */ = {isa = PBXFileReference; lastKnownFileType = wrapper.framework; name = XCTest.framework; path = Library/Frameworks/XCTest.framework; sourceTree = DEVELOPER_DIR; };
		424F3CAA19A91C03003F1B11 /* TestAppOneTests-Info.plist */ = {isa = PBXFileReference; lastKnownFileType = text.plist.xml; path = "TestAppOneTests-Info.plist"; sourceTree = "<group>"; };
		424F3CAC19A91C03003F1B11 /* en */ = {isa = PBXFileReference; lastKnownFileType = text.plist.strings; name = en; path = en.lproj/InfoPlist.strings; sourceTree = "<group>"; };
		424F3CAE19A91C03003F1B11 /* TestAppOneTests.m */ = {isa = PBXFileReference; lastKnownFileType = sourcecode.c.objc; path = TestAppOneTests.m; sourceTree = "<group>"; };
/* End PBXFileReference section */

/* Begin PBXFrameworksBuildPhase section */
		424F3C7119A91C03003F1B11 /* Frameworks */ = {
			isa = PBXFrameworksBuildPhase;
			buildActionMask = 2147483647;
			files = (
				424F3C7A19A91C03003F1B11 /* CoreGraphics.framework in Frameworks */,
				424F3C7E19A91C03003F1B11 /* CoreData.framework in Frameworks */,
				424F3C7C19A91C03003F1B11 /* UIKit.framework in Frameworks */,
				424F3C7819A91C03003F1B11 /* Foundation.framework in Frameworks */,
			);
			runOnlyForDeploymentPostprocessing = 0;
		};
		424F3C9D19A91C03003F1B11 /* Frameworks */ = {
			isa = PBXFrameworksBuildPhase;
			buildActionMask = 2147483647;
			files = (
				424F3CA219A91C03003F1B11 /* XCTest.framework in Frameworks */,
				424F3CA519A91C03003F1B11 /* CoreData.framework in Frameworks */,
				424F3CA419A91C03003F1B11 /* UIKit.framework in Frameworks */,
				424F3CA319A91C03003F1B11 /* Foundation.framework in Frameworks */,
			);
			runOnlyForDeploymentPostprocessing = 0;
		};
/* End PBXFrameworksBuildPhase section */

/* Begin PBXGroup section */
		424F3C6B19A91C03003F1B11 = {
			isa = PBXGroup;
			children = (
				424F3C7F19A91C03003F1B11 /* TestAppOne */,
				424F3CA819A91C03003F1B11 /* TestAppOneTests */,
				424F3C7619A91C03003F1B11 /* Frameworks */,
				424F3C7519A91C03003F1B11 /* Products */,
			);
			sourceTree = "<group>";
		};
		424F3C7519A91C03003F1B11 /* Products */ = {
			isa = PBXGroup;
			children = (
				424F3C7419A91C03003F1B11 /* TestAppOne.app */,
				424F3CA019A91C03003F1B11 /* TestAppOneTests.xctest */,
			);
			name = Products;
			sourceTree = "<group>";
		};
		424F3C7619A91C03003F1B11 /* Frameworks */ = {
			isa = PBXGroup;
			children = (
				424F3C7719A91C03003F1B11 /* Foundation.framework */,
				424F3C7919A91C03003F1B11 /* CoreGraphics.framework */,
				424F3C7B19A91C03003F1B11 /* UIKit.framework */,
				424F3C7D19A91C03003F1B11 /* CoreData.framework */,
				424F3CA119A91C03003F1B11 /* XCTest.framework */,
			);
			name = Frameworks;
			sourceTree = "<group>";
		};
		424F3C7F19A91C03003F1B11 /* TestAppOne */ = {
			isa = PBXGroup;
			children = (
				424F3C8819A91C03003F1B11 /* AppDelegate.h */,
				424F3C8919A91C03003F1B11 /* AppDelegate.m */,
				424F3C8B19A91C03003F1B11 /* Main_iPhone.storyboard */,
				424F3C8E19A91C03003F1B11 /* Main_iPad.storyboard */,
				424F3C9419A91C03003F1B11 /* MasterViewController.h */,
				424F3C9519A91C03003F1B11 /* MasterViewController.m */,
				424F3C9719A91C03003F1B11 /* DetailViewController.h */,
				424F3C9819A91C03003F1B11 /* DetailViewController.m */,
				424F3C9A19A91C03003F1B11 /* Images.xcassets */,
				424F3C9119A91C03003F1B11 /* TestAppOne.xcdatamodeld */,
				424F3C8019A91C03003F1B11 /* Supporting Files */,
			);
			path = TestAppOne;
			sourceTree = "<group>";
		};
		424F3C8019A91C03003F1B11 /* Supporting Files */ = {
			isa = PBXGroup;
			children = (
				424F3C8119A91C03003F1B11 /* TestAppOne-Info.plist */,
				424F3C8219A91C03003F1B11 /* InfoPlist.strings */,
				424F3C8519A91C03003F1B11 /* main.m */,
				424F3C8719A91C03003F1B11 /* TestAppOne-Prefix.pch */,
			);
			name = "Supporting Files";
			sourceTree = "<group>";
		};
		424F3CA819A91C03003F1B11 /* TestAppOneTests */ = {
			isa = PBXGroup;
			children = (
				424F3CAE19A91C03003F1B11 /* TestAppOneTests.m */,
				424F3CA919A91C03003F1B11 /* Supporting Files */,
			);
			path = TestAppOneTests;
			sourceTree = "<group>";
		};
		424F3CA919A91C03003F1B11 /* Supporting Files */ = {
			isa = PBXGroup;
			children = (
				424F3CAA19A91C03003F1B11 /* TestAppOneTests-Info.plist */,
				424F3CAB19A91C03003F1B11 /* InfoPlist.strings */,
			);
			name = "Supporting Files";
			sourceTree = "<group>";
		};
/* End PBXGroup section */

/* Begin PBXNativeTarget section */
		424F3C7319A91C03003F1B11 /* TestAppOne */ = {
			isa = PBXNativeTarget;
			buildConfigurationList = 424F3CB219A91C03003F1B11 /* Build configuration list for PBXNativeTarget "TestAppOne" */;
			buildPhases = (
				424F3C7019A91C03003F1B11 /* Sources */,
				424F3C7119A91C03003F1B11 /* Frameworks */,
				424F3C7219A91C03003F1B11 /* Resources */,
			);
			buildRules = (
			);
			dependencies = (
			);
			name = TestAppOne;
			productName = TestAppOne;
			productReference = 424F3C7419A91C03003F1B11 /* TestAppOne.app */;
			productType = "com.apple.product-type.application";
		};
		424F3C9F19A91C03003F1B11 /* TestAppOneTests */ = {
			isa = PBXNativeTarget;
			buildConfigurationList = 424F3CB519A91C03003F1B11 /* Build configuration list for PBXNativeTarget "TestAppOneTests" */;
			buildPhases = (
				424F3C9C19A91C03003F1B11 /* Sources */,
				424F3C9D19A91C03003F1B11 /* Frameworks */,
				424F3C9E19A91C03003F1B11 /* Resources */,
			);
			buildRules = (
			);
			dependencies = (
				424F3CA719A91C03003F1B11 /* PBXTargetDependency */,
			);
			name = TestAppOneTests;
			productName = TestAppOneTests;
			productReference = 424F3CA019A91C03003F1B11 /* TestAppOneTests.xctest */;
			productType = "com.apple.product-type.bundle.unit-test";
		};
/* End PBXNativeTarget section */

/* Begin PBXProject section */
		424F3C6C19A91C03003F1B11 /* Project object */ = {
			isa = PBXProject;
			attributes = {
				LastUpgradeCheck = 0510;
				ORGANIZATIONNAME = TBD;
				TargetAttributes = {
					424F3C9F19A91C03003F1B11 = {
						TestTargetID = 424F3C7319A91C03003F1B11;
					};
				};
			};
			buildConfigurationList = 424F3C6F19A91C03003F1B11 /* Build configuration list for PBXProject "TestAppOne" */;
			compatibilityVersion = "Xcode 3.2";
			developmentRegion = English;
			hasScannedForEncodings = 0;
			knownRegions = (
				en,
				Base,
			);
			mainGroup = 424F3C6B19A91C03003F1B11;
			productRefGroup = 424F3C7519A91C03003F1B11 /* Products */;
			projectDirPath = "";
			projectRoot = "";
			targets = (
				424F3C7319A91C03003F1B11 /* TestAppOne */,
				424F3C9F19A91C03003F1B11 /* TestAppOneTests */,
			);
		};
/* End PBXProject section */

/* Begin PBXResourcesBuildPhase section */
		424F3C7219A91C03003F1B11 /* Resources */ = {
			isa = PBXResourcesBuildPhase;
			buildActionMask = 2147483647;
			files = (
				424F3C9019A91C03003F1B11 /* Main_iPad.storyboard in Resources */,
				424F3C9B19A91C03003F1B11 /* Images.xcassets in Resources */,
				424F3C8D19A91C03003F1B11 /* Main_iPhone.storyboard in Resources */,
				424F3C8419A91C03003F1B11 /* InfoPlist.strings in Resources */,
			);
			runOnlyForDeploymentPostprocessing = 0;
		};
		424F3C9E19A91C03003F1B11 /* Resources */ = {
			isa = PBXResourcesBuildPhase;
			buildActionMask = 2147483647;
			files = (
				424F3CAD19A91C03003F1B11 /* InfoPlist.strings in Resources */,
			);
			runOnlyForDeploymentPostprocessing = 0;
		};
/* End PBXResourcesBuildPhase section */

/* Begin PBXSourcesBuildPhase section */
		424F3C7019A91C03003F1B11 /* Sources */ = {
			isa = PBXSourcesBuildPhase;
			buildActionMask = 2147483647;
			files = (
				424F3C9919A91C03003F1B11 /* DetailViewController.m in Sources */,
				424F3C9619A91C03003F1B11 /* MasterViewController.m in Sources */,
				424F3C9319A91C03003F1B11 /* TestAppOne.xcdatamodeld in Sources */,
				424F3C8A19A91C03003F1B11 /* AppDelegate.m in Sources */,
				424F3C8619A91C03003F1B11 /* main.m in Sources */,
			);
			runOnlyForDeploymentPostprocessing = 0;
		};
		424F3C9C19A91C03003F1B11 /* Sources */ = {
			isa = PBXSourcesBuildPhase;
			buildActionMask = 2147483647;
			files = (
				424F3CAF19A91C03003F1B11 /* TestAppOneTests.m in Sources */,
			);
			runOnlyForDeploymentPostprocessing = 0;
		};
/* End PBXSourcesBuildPhase section */

/* Begin PBXTargetDependency section */
		424F3CA719A91C03003F1B11 /* PBXTargetDependency */ = {
			isa = PBXTargetDependency;
			target = 424F3C7319A91C03003F1B11 /* TestAppOne */;
			targetProxy = 424F3CA619A91C03003F1B11 /* PBXContainerItemProxy */;
		};
/* End PBXTargetDependency section */

/* Begin PBXVariantGroup section */
		424F3C8219A91C03003F1B11 /* InfoPlist.strings */ = {
			isa = PBXVariantGroup;
			children = (
				424F3C8319A91C03003F1B11 /* en */,
			);
			name = InfoPlist.strings;
			sourceTree = "<group>";
		};
		424F3C8B19A91C03003F1B11 /* Main_iPhone.storyboard */ = {
			isa = PBXVariantGroup;
			children = (
				424F3C8C19A91C03003F1B11 /* Base */,
			);
			name = Main_iPhone.storyboard;
			sourceTree = "<group>";
		};
		424F3C8E19A91C03003F1B11 /* Main_iPad.storyboard */ = {
			isa = PBXVariantGroup;
			children = (
				424F3C8F19A91C03003F1B11 /* Base */,
			);
			name = Main_iPad.storyboard;
			sourceTree = "<group>";
		};
		424F3CAB19A91C03003F1B11 /* InfoPlist.strings */ = {
			isa = PBXVariantGroup;
			children = (
				424F3CAC19A91C03003F1B11 /* en */,
			);
			name = InfoPlist.strings;
			sourceTree = "<group>";
		};
/* End PBXVariantGroup section */

/* Begin XCBuildConfiguration section */
		424F3CB019A91C03003F1B11 /* Debug */ = {
			isa = XCBuildConfiguration;
			buildSettings = {
				ALWAYS_SEARCH_USER_PATHS = NO;
				CLANG_CXX_LANGUAGE_STANDARD = "gnu++0x";
				CLANG_CXX_LIBRARY = "libc++";
				CLANG_ENABLE_MODULES = YES;
				CLANG_ENABLE_OBJC_ARC = YES;
				CLANG_WARN_BOOL_CONVERSION = YES;
				CLANG_WARN_CONSTANT_CONVERSION = YES;
				CLANG_WARN_DIRECT_OBJC_ISA_USAGE = YES_ERROR;
				CLANG_WARN_EMPTY_BODY = YES;
				CLANG_WARN_ENUM_CONVERSION = YES;
				CLANG_WARN_INT_CONVERSION = YES;
				CLANG_WARN_OBJC_ROOT_CLASS = YES_ERROR;
				CLANG_WARN__DUPLICATE_METHOD_MATCH = YES;
				"CODE_SIGN_IDENTITY[sdk=iphoneos*]" = "iPhone Developer";
				COPY_PHASE_STRIP = NO;
				GCC_C_LANGUAGE_STANDARD = gnu99;
				GCC_DYNAMIC_NO_PIC = NO;
				GCC_OPTIMIZATION_LEVEL = 0;
				GCC_PREPROCESSOR_DEFINITIONS = (
					"DEBUG=1",
					"$(inherited)",
				);
				GCC_SYMBOLS_PRIVATE_EXTERN = NO;
				GCC_WARN_64_TO_32_BIT_CONVERSION = YES;
				GCC_WARN_ABOUT_RETURN_TYPE = YES_ERROR;
				GCC_WARN_UNDECLARED_SELECTOR = YES;
				GCC_WARN_UNINITIALIZED_AUTOS = YES_AGGRESSIVE;
				GCC_WARN_UNUSED_FUNCTION = YES;
				GCC_WARN_UNUSED_VARIABLE = YES;
				IPHONEOS_DEPLOYMENT_TARGET = 7.1;
				ONLY_ACTIVE_ARCH = YES;
				SDKROOT = iphoneos;
				TARGETED_DEVICE_FAMILY = "1,2";
			};
			name = Debug;
		};
		424F3CB119A91C03003F1B11 /* Release */ = {
			isa = XCBuildConfiguration;
			buildSettings = {
				ALWAYS_SEARCH_USER_PATHS = NO;
				CLANG_CXX_LANGUAGE_STANDARD = "gnu++0x";
				CLANG_CXX_LIBRARY = "libc++";
				CLANG_ENABLE_MODULES = YES;
				CLANG_ENABLE_OBJC_ARC = YES;
				CLANG_WARN_BOOL_CONVERSION = YES;
				CLANG_WARN_CONSTANT_CONVERSION = YES;
				CLANG_WARN_DIRECT_OBJC_ISA_USAGE = YES_ERROR;
				CLANG_WARN_EMPTY_BODY = YES;
				CLANG_WARN_ENUM_CONVERSION = YES;
				CLANG_WARN_INT_CONVERSION = YES;
				CLANG_WARN_OBJC_ROOT_CLASS = YES_ERROR;
				CLANG_WARN__DUPLICATE_METHOD_MATCH = YES;
				"CODE_SIGN_IDENTITY[sdk=iphoneos*]" = "iPhone Developer";
				COPY_PHASE_STRIP = YES;
				ENABLE_NS_ASSERTIONS = NO;
				GCC_C_LANGUAGE_STANDARD = gnu99;
				GCC_WARN_64_TO_32_BIT_CONVERSION = YES;
				GCC_WARN_ABOUT_RETURN_TYPE = YES_ERROR;
				GCC_WARN_UNDECLARED_SELECTOR = YES;
				GCC_WARN_UNINITIALIZED_AUTOS = YES_AGGRESSIVE;
				GCC_WARN_UNUSED_FUNCTION = YES;
				GCC_WARN_UNUSED_VARIABLE = YES;
				IPHONEOS_DEPLOYMENT_TARGET = 7.1;
				SDKROOT = iphoneos;
				TARGETED_DEVICE_FAMILY = "1,2";
				VALIDATE_PRODUCT = YES;
			};
			name = Release;
		};
		424F3CB319A91C03003F1B11 /* Debug */ = {
			isa = XCBuildConfiguration;
			buildSettings = {
				ASSETCATALOG_COMPILER_APPICON_NAME = AppIcon;
				ASSETCATALOG_COMPILER_LAUNCHIMAGE_NAME = LaunchImage;
				GCC_PRECOMPILE_PREFIX_HEADER = YES;
				GCC_PREFIX_HEADER = "TestAppOne/TestAppOne-Prefix.pch";
				INFOPLIST_FILE = "TestAppOne/TestAppOne-Info.plist";
				PRODUCT_NAME = "$(TARGET_NAME)";
				WRAPPER_EXTENSION = app;
			};
			name = Debug;
		};
		424F3CB419A91C03003F1B11 /* Release */ = {
			isa = XCBuildConfiguration;
			buildSettings = {
				ASSETCATALOG_COMPILER_APPICON_NAME = AppIcon;
				ASSETCATALOG_COMPILER_LAUNCHIMAGE_NAME = LaunchImage;
				GCC_PRECOMPILE_PREFIX_HEADER = YES;
				GCC_PREFIX_HEADER = "TestAppOne/TestAppOne-Prefix.pch";
				INFOPLIST_FILE = "TestAppOne/TestAppOne-Info.plist";
				PRODUCT_NAME = "$(TARGET_NAME)";
				WRAPPER_EXTENSION = app;
			};
			name = Release;
		};
		424F3CB619A91C03003F1B11 /* Debug */ = {
			isa = XCBuildConfiguration;
			buildSettings = {
				BUNDLE_LOADER = "$(BUILT_PRODUCTS_DIR)/TestAppOne.app/TestAppOne";
				FRAMEWORK_SEARCH_PATHS = (
					"$(SDKROOT)/Developer/Library/Frameworks",
					"$(inherited)",
					"$(DEVELOPER_FRAMEWORKS_DIR)",
				);
				GCC_PRECOMPILE_PREFIX_HEADER = YES;
				GCC_PREFIX_HEADER = "TestAppOne/TestAppOne-Prefix.pch";
				GCC_PREPROCESSOR_DEFINITIONS = (
					"DEBUG=1",
					"$(inherited)",
				);
				INFOPLIST_FILE = "TestAppOneTests/TestAppOneTests-Info.plist";
				PRODUCT_NAME = "$(TARGET_NAME)";
				TEST_HOST = "$(BUNDLE_LOADER)";
				WRAPPER_EXTENSION = xctest;
			};
			name = Debug;
		};
		424F3CB719A91C03003F1B11 /* Release */ = {
			isa = XCBuildConfiguration;
			buildSettings = {
				BUNDLE_LOADER = "$(BUILT_PRODUCTS_DIR)/TestAppOne.app/TestAppOne";
				FRAMEWORK_SEARCH_PATHS = (
					"$(SDKROOT)/Developer/Library/Frameworks",
					"$(inherited)",
					"$(DEVELOPER_FRAMEWORKS_DIR)",
				);
				GCC_PRECOMPILE_PREFIX_HEADER = YES;
				GCC_PREFIX_HEADER = "TestAppOne/TestAppOne-Prefix.pch";
				INFOPLIST_FILE = "TestAppOneTests/TestAppOneTests-Info.plist";
				PRODUCT_NAME = "$(TARGET_NAME)";
				TEST_HOST = "$(BUNDLE_LOADER)";
				WRAPPER_EXTENSION = xctest;
			};
			name = Release;
		};
/* End XCBuildConfiguration section */

/* Begin XCConfigurationList section */
		424F3C6F19A91C03003F1B11 /* Build configuration list for PBXProject "TestAppOne" */ = {
			isa = XCConfigurationList;
			buildConfigurations = (
				424F3CB019A91C03003F1B11 /* Debug */,
				424F3CB119A91C03003F1B11 /* Release */,
			);
			defaultConfigurationIsVisible = 0;
			defaultConfigurationName = Release;
		};
		424F3CB219A91C03003F1B11 /* Build configuration list for PBXNativeTarget "TestAppOne" */ = {
			isa = XCConfigurationList;
			buildConfigurations = (
				424F3CB319A91C03003F1B11 /* Debug */,
				424F3CB419A91C03003F1B11 /* Release */,
			);
			defaultConfigurationIsVisible = 0;
		};
		424F3CB519A91C03003F1B11 /* Build configuration list for PBXNativeTarget "TestAppOneTests" */ = {
			isa = XCConfigurationList;
			buildConfigurations = (
				424F3CB619A91C03003F1B11 /* Debug */,
				424F3CB719A91C03003F1B11 /* Release */,
			);
			defaultConfigurationIsVisible = 0;
		};
/* End XCConfigurationList section */

/* Begin XCVersionGroup section */
		424F3C9119A91C03003F1B11 /* TestAppOne.xcdatamodeld */ = {
			isa = XCVersionGroup;
			children = (
				424F3C9219A91C03003F1B11 /* TestAppOne.xcdatamodel */,
			);
			currentVersion = 424F3C9219A91C03003F1B11 /* TestAppOne.xcdatamodel */;
			path = TestAppOne.xcdatamodeld;
			sourceTree = "<group>";
			versionGroupType = wrapper.xcdatamodel;
		};
/* End XCVersionGroup section */
	};
	rootObject = 424F3C6C19A91C03003F1B11 /* Project object */;
}
